
Microsoft Visual Studio Solution File, Format Version 12.00
# Visual Studio Version 16
VisualStudioVersion = 16.0.29009.5
MinimumVisualStudioVersion = 10.0.40219.1
Project("{8BC9CEB8-8B4A-11D0-8D11-00A0C91BC942}") = "Student Information Management System", "Student Information Management System.vcxproj", "{77F85EDB-6FCB-41E3-8FFC-C7547CED6C24}"
EndProject
Global
	GlobalSection(SolutionConfigurationPlatforms) = preSolution
		Debug|x64 = Debug|x64
		Debug|x86 = Debug|x86
		Release|x64 = Release|x64
		Release|x86 = Release|x86
	EndGlobalSection
	GlobalSection(ProjectConfigurationPlatforms) = postSolution
		{77F85EDB-6FCB-41E3-8FFC-C7547CED6C24}.Debug|x64.ActiveCfg = Debug|x64
		{77F85EDB-6FCB-41E3-8FFC-C7547CED6C24}.Debug|x64.Build.0 = Debug|x64
		{77F85EDB-6FCB-41E3-8FFC-C7547CED6C24}.Debug|x86.ActiveCfg = Debug|Win32
		{77F85EDB-6FCB-41E3-8FFC-C7547CED6C24}.Debug|x86.Build.0 = Debug|Win32
		{77F85EDB-6FCB-41E3-8FFC-C7547CED6C24}.Release|x64.ActiveCfg = Release|x64
		{77F85EDB-6FCB-41E3-8FFC-C7547CED6C24}.Release|x64.Build.0 = Release|x64
		{77F85EDB-6FCB-41E3-8FFC-C7547CED6C24}.Release|x86.ActiveCfg = Release|Win32
		{77F85EDB-6FCB-41E3-8FFC-C7547CED6C24}.Release|x86.Build.0 = Release|Win32
	EndGlobalSection
	GlobalSection(SolutionProperties) = preSolution
		HideSolutionNode = FALSE
	EndGlobalSection
	GlobalSection(ExtensibilityGlobals) = postSolution
		SolutionGuid = {DAC136FE-D175-49AB-ACF3-8B7799F29B91}
	EndGlobalSection
EndGlobal
